Microsoft Visual Studio Solution File, Format Version 11.00
# Visual Studio 2008

Project("{337AB218-699C-2E06-EF83-1456BF2ECF48}") = "RINGGameJam", "Assembly-CSharp-firstpass.csproj", "{A8AEE7C1-84C7-490E-3238-ECBFD380767B}"
EndProject
Project("{337AB218-699C-2E06-EF83-1456BF2ECF48}") = "RINGGameJam", "Assembly-CSharp.csproj", "{F8B92294-88A5-F73B-4A76-FF8F7E65D452}"
EndProject
Project("{337AB218-699C-2E06-EF83-1456BF2ECF48}") = "RINGGameJam", "Assembly-CSharp-Editor.csproj", "{97F59442-2FB8-E44F-E007-767D2E5DA76E}"
EndProject
Global
	GlobalSection(SolutionConfigurationPlatforms) = preSolution
		Debug|Any CPU = Debug|Any CPU
		Release|Any CPU = Release|Any CPU
	EndGlobalSection
	GlobalSection(ProjectConfigurationPlatforms) = postSolution
		{A8AEE7C1-84C7-490E-3238-ECBFD380767B}.Debug|Any CPU.ActiveCfg = Debug|Any CPU
		{A8AEE7C1-84C7-490E-3238-ECBFD380767B}.Debug|Any CPU.Build.0 = Debug|Any CPU
		{A8AEE7C1-84C7-490E-3238-ECBFD380767B}.Release|Any CPU.ActiveCfg = Release|Any CPU
		{A8AEE7C1-84C7-490E-3238-ECBFD380767B}.Release|Any CPU.Build.0 = Release|Any CPU
		{F8B92294-88A5-F73B-4A76-FF8F7E65D452}.Debug|Any CPU.ActiveCfg = Debug|Any CPU
		{F8B92294-88A5-F73B-4A76-FF8F7E65D452}.Debug|Any CPU.Build.0 = Debug|Any CPU
		{F8B92294-88A5-F73B-4A76-FF8F7E65D452}.Release|Any CPU.ActiveCfg = Release|Any CPU
		{F8B92294-88A5-F73B-4A76-FF8F7E65D452}.Release|Any CPU.Build.0 = Release|Any CPU
		{97F59442-2FB8-E44F-E007-767D2E5DA76E}.Debug|Any CPU.ActiveCfg = Debug|Any CPU
		{97F59442-2FB8-E44F-E007-767D2E5DA76E}.Debug|Any CPU.Build.0 = Debug|Any CPU
		{97F59442-2FB8-E44F-E007-767D2E5DA76E}.Release|Any CPU.ActiveCfg = Release|Any CPU
		{97F59442-2FB8-E44F-E007-767D2E5DA76E}.Release|Any CPU.Build.0 = Release|Any CPU
	EndGlobalSection
	GlobalSection(SolutionProperties) = preSolution
		HideSolutionNode = FALSE
	EndGlobalSection
	GlobalSection(MonoDevelopProperties) = preSolution
		StartupItem = Assembly-CSharp.csproj
	EndGlobalSection
EndGlobal
